// !$*UTF8*$!
{
	archiveVersion = 1;
	classes = {
	};
	objectVersion = 55;
	objects = {

/* Begin PBXBuildFile section */
		CC330E5228ABE5F300F340A2 /* AppDelegate.swift in Sources */ = {isa = PBXBuildFile; fileRef = CC330E5128ABE5F300F340A2 /* AppDelegate.swift */; };
		CC330E5428ABE5F300F340A2 /* SceneDelegate.swift in Sources */ = {isa = PBXBuildFile; fileRef = CC330E5328ABE5F300F340A2 /* SceneDelegate.swift */; };
		CC330E5628ABE5F300F340A2 /* MainViewController.swift in Sources */ = {isa = PBXBuildFile; fileRef = CC330E5528ABE5F300F340A2 /* MainViewController.swift */; };
		CC330E5928ABE5F300F340A2 /* Main.storyboard in Resources */ = {isa = PBXBuildFile; fileRef = CC330E5728ABE5F300F340A2 /* Main.storyboard */; };
		CC330E5B28ABE5F600F340A2 /* Assets.xcassets in Resources */ = {isa = PBXBuildFile; fileRef = CC330E5A28ABE5F600F340A2 /* Assets.xcassets */; };
		CC330E5E28ABE5F600F340A2 /* LaunchScreen.storyboard in Resources */ = {isa = PBXBuildFile; fileRef = CC330E5C28ABE5F600F340A2 /* LaunchScreen.storyboard */; };
		CC330E6A28ABF26C00F340A2 /* ImageViewController.swift in Sources */ = {isa = PBXBuildFile; fileRef = CC330E6928ABF26C00F340A2 /* ImageViewController.swift */; };
		CC330E6C28ABF2A500F340A2 /* CoursesViewController.swift in Sources */ = {isa = PBXBuildFile; fileRef = CC330E6B28ABF2A500F340A2 /* CoursesViewController.swift */; };
		CC330E6E28ABF31100F340A2 /* CoursesCell.swift in Sources */ = {isa = PBXBuildFile; fileRef = CC330E6D28ABF31100F340A2 /* CoursesCell.swift */; };
		CC330E7128ABF35900F340A2 /* UserActionCell.swift in Sources */ = {isa = PBXBuildFile; fileRef = CC330E7028ABF35900F340A2 /* UserActionCell.swift */; };
		CC330E7328ABFE3100F340A2 /* Cource.swift in Sources */ = {isa = PBXBuildFile; fileRef = CC330E7228ABFE3100F340A2 /* Cource.swift */; };
		CC330E7628AC019B00F340A2 /* SwiftbookInfo.swift in Sources */ = {isa = PBXBuildFile; fileRef = CC330E7528AC019B00F340A2 /* SwiftbookInfo.swift */; };
/* End PBXBuildFile section */

/* Begin PBXFileReference section */
		CC330E4E28ABE5F300F340A2 /* Networking.app */ = {isa = PBXFileReference; explicitFileType = wrapper.application; includeInIndex = 0; path = Networking.app; sourceTree = BUILT_PRODUCTS_DIR; };
		CC330E5128ABE5F300F340A2 /* AppDelegate.swift */ = {isa = PBXFileReference; lastKnownFileType = sourcecode.swift; path = AppDelegate.swift; sourceTree = "<group>"; };
		CC330E5328ABE5F300F340A2 /* SceneDelegate.swift */ = {isa = PBXFileReference; lastKnownFileType = sourcecode.swift; path = SceneDelegate.swift; sourceTree = "<group>"; };
		CC330E5528ABE5F300F340A2 /* MainViewController.swift */ = {isa = PBXFileReference; lastKnownFileType = sourcecode.swift; path = MainViewController.swift; sourceTree = "<group>"; };
		CC330E5828ABE5F300F340A2 /* Base */ = {isa = PBXFileReference; lastKnownFileType = file.storyboard; name = Base; path = Base.lproj/Main.storyboard; sourceTree = "<group>"; };
		CC330E5A28ABE5F600F340A2 /* Assets.xcassets */ = {isa = PBXFileReference; lastKnownFileType = folder.assetcatalog; path = Assets.xcassets; sourceTree = "<group>"; };
		CC330E5D28ABE5F600F340A2 /* Base */ = {isa = PBXFileReference; lastKnownFileType = file.storyboard; name = Base; path = Base.lproj/LaunchScreen.storyboard; sourceTree = "<group>"; };
		CC330E5F28ABE5F600F340A2 /* Info.plist */ = {isa = PBXFileReference; lastKnownFileType = text.plist.xml; path = Info.plist; sourceTree = "<group>"; };
		CC330E6928ABF26C00F340A2 /* ImageViewController.swift */ = {isa = PBXFileReference; lastKnownFileType = sourcecode.swift; path = ImageViewController.swift; sourceTree = "<group>"; };
		CC330E6B28ABF2A500F340A2 /* CoursesViewController.swift */ = {isa = PBXFileReference; lastKnownFileType = sourcecode.swift; path = CoursesViewController.swift; sourceTree = "<group>"; };
		CC330E6D28ABF31100F340A2 /* CoursesCell.swift */ = {isa = PBXFileReference; lastKnownFileType = sourcecode.swift; path = CoursesCell.swift; sourceTree = "<group>"; };
		CC330E7028ABF35900F340A2 /* UserActionCell.swift */ = {isa = PBXFileReference; lastKnownFileType = sourcecode.swift; path = UserActionCell.swift; sourceTree = "<group>"; };
		CC330E7228ABFE3100F340A2 /* Cource.swift */ = {isa = PBXFileReference; lastKnownFileType = sourcecode.swift; path = Cource.swift; sourceTree = "<group>"; };
		CC330E7528AC019B00F340A2 /* SwiftbookInfo.swift */ = {isa = PBXFileReference; lastKnownFileType = sourcecode.swift; path = SwiftbookInfo.swift; sourceTree = "<group>"; };
/* End PBXFileReference section */

/* Begin PBXFrameworksBuildPhase section */
		CC330E4B28ABE5F300F340A2 /* Frameworks */ = {
			isa = PBXFrameworksBuildPhase;
			buildActionMask = 2147483647;
			files = (
			);
			runOnlyForDeploymentPostprocessing = 0;
		};
/* End PBXFrameworksBuildPhase section */

/* Begin PBXGroup section */
		CC330E4528ABE5F300F340A2 = {
			isa = PBXGroup;
			children = (
				CC330E5028ABE5F300F340A2 /* Networking */,
				CC330E4F28ABE5F300F340A2 /* Products */,
			);
			sourceTree = "<group>";
		};
		CC330E4F28ABE5F300F340A2 /* Products */ = {
			isa = PBXGroup;
			children = (
				CC330E4E28ABE5F300F340A2 /* Networking.app */,
			);
			name = Products;
			sourceTree = "<group>";
		};
		CC330E5028ABE5F300F340A2 /* Networking */ = {
			isa = PBXGroup;
			children = (
				CC330E6F28ABF32300F340A2 /* Views */,
				CC330E6628ABF1B400F340A2 /* App */,
				CC330E6828ABF1D300F340A2 /* ViewControllers */,
				CC330E6728ABF1C000F340A2 /* StoryBoards */,
				CC330E6528ABF1A400F340A2 /* Resurses */,
				CC330E7428ABFE3600F340A2 /* Models */,
			);
			path = Networking;
			sourceTree = "<group>";
		};
		CC330E6528ABF1A400F340A2 /* Resurses */ = {
			isa = PBXGroup;
			children = (
				CC330E5A28ABE5F600F340A2 /* Assets.xcassets */,
			);
			path = Resurses;
			sourceTree = "<group>";
		};
		CC330E6628ABF1B400F340A2 /* App */ = {
			isa = PBXGroup;
			children = (
				CC330E5128ABE5F300F340A2 /* AppDelegate.swift */,
				CC330E5328ABE5F300F340A2 /* SceneDelegate.swift */,
				CC330E5F28ABE5F600F340A2 /* Info.plist */,
			);
			path = App;
			sourceTree = "<group>";
		};
		CC330E6728ABF1C000F340A2 /* StoryBoards */ = {
			isa = PBXGroup;
			children = (
				CC330E5728ABE5F300F340A2 /* Main.storyboard */,
				CC330E5C28ABE5F600F340A2 /* LaunchScreen.storyboard */,
			);
			path = StoryBoards;
			sourceTree = "<group>";
		};
		CC330E6828ABF1D300F340A2 /* ViewControllers */ = {
			isa = PBXGroup;
			children = (
				CC330E5528ABE5F300F340A2 /* MainViewController.swift */,
				CC330E6928ABF26C00F340A2 /* ImageViewController.swift */,
				CC330E6B28ABF2A500F340A2 /* CoursesViewController.swift */,
			);
			path = ViewControllers;
			sourceTree = "<group>";
		};
		CC330E6F28ABF32300F340A2 /* Views */ = {
			isa = PBXGroup;
			children = (
				CC330E6D28ABF31100F340A2 /* CoursesCell.swift */,
				CC330E7028ABF35900F340A2 /* UserActionCell.swift */,
			);
			path = Views;
			sourceTree = "<group>";
		};
		CC330E7428ABFE3600F340A2 /* Models */ = {
			isa = PBXGroup;
			children = (
				CC330E7228ABFE3100F340A2 /* Cource.swift */,
				CC330E7528AC019B00F340A2 /* SwiftbookInfo.swift */,
			);
			path = Models;
			sourceTree = "<group>";
		};
/* End PBXGroup section */

/* Begin PBXNativeTarget section */
		CC330E4D28ABE5F300F340A2 /* Networking */ = {
			isa = PBXNativeTarget;
			buildConfigurationList = CC330E6228ABE5F600F340A2 /* Build configuration list for PBXNativeTarget "Networking" */;
			buildPhases = (
				CC330E4A28ABE5F300F340A2 /* Sources */,
				CC330E4B28ABE5F300F340A2 /* Frameworks */,
				CC330E4C28ABE5F300F340A2 /* Resources */,
			);
			buildRules = (
			);
			dependencies = (
			);
			name = Networking;
			productName = Networking;
			productReference = CC330E4E28ABE5F300F340A2 /* Networking.app */;
			productType = "com.apple.product-type.application";
		};
/* End PBXNativeTarget section */

/* Begin PBXProject section */
		CC330E4628ABE5F300F340A2 /* Project object */ = {
			isa = PBXProject;
			attributes = {
				BuildIndependentTargetsInParallel = 1;
				LastSwiftUpdateCheck = 1340;
				LastUpgradeCheck = 1340;
				TargetAttributes = {
					CC330E4D28ABE5F300F340A2 = {
						CreatedOnToolsVersion = 13.4.1;
					};
				};
			};
			buildConfigurationList = CC330E4928ABE5F300F340A2 /* Build configuration list for PBXProject "Networking" */;
			compatibilityVersion = "Xcode 13.0";
			developmentRegion = en;
			hasScannedForEncodings = 0;
			knownRegions = (
				en,
				Base,
			);
			mainGroup = CC330E4528ABE5F300F340A2;
			productRefGroup = CC330E4F28ABE5F300F340A2 /* Products */;
			projectDirPath = "";
			projectRoot = "";
			targets = (
				CC330E4D28ABE5F300F340A2 /* Networking */,
			);
		};
/* End PBXProject section */

/* Begin PBXResourcesBuildPhase section */
		CC330E4C28ABE5F300F340A2 /* Resources */ = {
			isa = PBXResourcesBuildPhase;
			buildActionMask = 2147483647;
			files = (
				CC330E5E28ABE5F600F340A2 /* LaunchScreen.storyboard in Resources */,
				CC330E5B28ABE5F600F340A2 /* Assets.xcassets in Resources */,
				CC330E5928ABE5F300F340A2 /* Main.storyboard in Resources */,
			);
			runOnlyForDeploymentPostprocessing = 0;
		};
/* End PBXResourcesBuildPhase section */

/* Begin PBXSourcesBuildPhase section */
		CC330E4A28ABE5F300F340A2 /* Sources */ = {
			isa = PBXSourcesBuildPhase;
			buildActionMask = 2147483647;
			files = (
				CC330E7328ABFE3100F340A2 /* Cource.swift in Sources */,
				CC330E6E28ABF31100F340A2 /* CoursesCell.swift in Sources */,
				CC330E7128ABF35900F340A2 /* UserActionCell.swift in Sources */,
				CC330E5628ABE5F300F340A2 /* MainViewController.swift in Sources */,
				CC330E5228ABE5F300F340A2 /* AppDelegate.swift in Sources */,
				CC330E6A28ABF26C00F340A2 /* ImageViewController.swift in Sources */,
				CC330E5428ABE5F300F340A2 /* SceneDelegate.swift in Sources */,
				CC330E7628AC019B00F340A2 /* SwiftbookInfo.swift in Sources */,
				CC330E6C28ABF2A500F340A2 /* CoursesViewController.swift in Sources */,
			);
			runOnlyForDeploymentPostprocessing = 0;
		};
/* End PBXSourcesBuildPhase section */

/* Begin PBXVariantGroup section */
		CC330E5728ABE5F300F340A2 /* Main.storyboard */ = {
			isa = PBXVariantGroup;
			children = (
				CC330E5828ABE5F300F340A2 /* Base */,
			);
			name = Main.storyboard;
			sourceTree = "<group>";
		};
		CC330E5C28ABE5F600F340A2 /* LaunchScreen.storyboard */ = {
			isa = PBXVariantGroup;
			children = (
				CC330E5D28ABE5F600F340A2 /* Base */,
			);
			name = LaunchScreen.storyboard;
			sourceTree = "<group>";
		};
/* End PBXVariantGroup section */

/* Begin XCBuildConfiguration section */
		CC330E6028ABE5F600F340A2 /* Debug */ = {
			isa = XCBuildConfiguration;
			buildSettings = {
				ALWAYS_SEARCH_USER_PATHS = NO;
				CLANG_ANALYZER_NONNULL = YES;
				CLANG_ANALYZER_NUMBER_OBJECT_CONVERSION = YES_AGGRESSIVE;
				CLANG_CXX_LANGUAGE_STANDARD = "gnu++17";
				CLANG_ENABLE_MODULES = YES;
				CLANG_ENABLE_OBJC_ARC = YES;
				CLANG_ENABLE_OBJC_WEAK = YES;
				CLANG_WARN_BLOCK_CAPTURE_AUTORELEASING = YES;
				CLANG_WARN_BOOL_CONVERSION = YES;
				CLANG_WARN_COMMA = YES;
				CLANG_WARN_CONSTANT_CONVERSION = YES;
				CLANG_WARN_DEPRECATED_OBJC_IMPLEMENTATIONS = YES;
				CLANG_WARN_DIRECT_OBJC_ISA_USAGE = YES_ERROR;
				CLANG_WARN_DOCUMENTATION_COMMENTS = YES;
				CLANG_WARN_EMPTY_BODY = YES;
				CLANG_WARN_ENUM_CONVERSION = YES;
				CLANG_WARN_INFINITE_RECURSION = YES;
				CLANG_WARN_INT_CONVERSION = YES;
				CLANG_WARN_NON_LITERAL_NULL_CONVERSION = YES;
				CLANG_WARN_OBJC_IMPLICIT_RETAIN_SELF = YES;
				CLANG_WARN_OBJC_LITERAL_CONVERSION = YES;
				CLANG_WARN_OBJC_ROOT_CLASS = YES_ERROR;
				CLANG_WARN_QUOTED_INCLUDE_IN_FRAMEWORK_HEADER = YES;
				CLANG_WARN_RANGE_LOOP_ANALYSIS = YES;
				CLANG_WARN_STRICT_PROTOTYPES = YES;
				CLANG_WARN_SUSPICIOUS_MOVE = YES;
				CLANG_WARN_UNGUARDED_AVAILABILITY = YES_AGGRESSIVE;
				CLANG_WARN_UNREACHABLE_CODE = YES;
				CLANG_WARN__DUPLICATE_METHOD_MATCH = YES;
				COPY_PHASE_STRIP = NO;
				DEBUG_INFORMATION_FORMAT = dwarf;
				ENABLE_STRICT_OBJC_MSGSEND = YES;
				ENABLE_TESTABILITY = YES;
				GCC_C_LANGUAGE_STANDARD = gnu11;
				GCC_DYNAMIC_NO_PIC = NO;
				GCC_NO_COMMON_BLOCKS = YES;
				GCC_OPTIMIZATION_LEVEL = 0;
				GCC_PREPROCESSOR_DEFINITIONS = (
					"DEBUG=1",
					"$(inherited)",
				);
				GCC_WARN_64_TO_32_BIT_CONVERSION = YES;
				GCC_WARN_ABOUT_RETURN_TYPE = YES_ERROR;
				GCC_WARN_UNDECLARED_SELECTOR = YES;
				GCC_WARN_UNINITIALIZED_AUTOS = YES_AGGRESSIVE;
				GCC_WARN_UNUSED_FUNCTION = YES;
				GCC_WARN_UNUSED_VARIABLE = YES;
				IPHONEOS_DEPLOYMENT_TARGET = 15.5;
				MTL_ENABLE_DEBUG_INFO = INCLUDE_SOURCE;
				MTL_FAST_MATH = YES;
				ONLY_ACTIVE_ARCH = YES;
				SDKROOT = iphoneos;
				SWIFT_ACTIVE_COMPILATION_CONDITIONS = DEBUG;
				SWIFT_OPTIMIZATION_LEVEL = "-Onone";
			};
			name = Debug;
		};
		CC330E6128ABE5F600F340A2 /* Release */ = {
			isa = XCBuildConfiguration;
			buildSettings = {
				ALWAYS_SEARCH_USER_PATHS = NO;
				CLANG_ANALYZER_NONNULL = YES;
				CLANG_ANALYZER_NUMBER_OBJECT_CONVERSION = YES_AGGRESSIVE;
				CLANG_CXX_LANGUAGE_STANDARD = "gnu++17";
				CLANG_ENABLE_MODULES = YES;
				CLANG_ENABLE_OBJC_ARC = YES;
				CLANG_ENABLE_OBJC_WEAK = YES;
				CLANG_WARN_BLOCK_CAPTURE_AUTORELEASING = YES;
				CLANG_WARN_BOOL_CONVERSION = YES;
				CLANG_WARN_COMMA = YES;
				CLANG_WARN_CONSTANT_CONVERSION = YES;
				CLANG_WARN_DEPRECATED_OBJC_IMPLEMENTATIONS = YES;
				CLANG_WARN_DIRECT_OBJC_ISA_USAGE = YES_ERROR;
				CLANG_WARN_DOCUMENTATION_COMMENTS = YES;
				CLANG_WARN_EMPTY_BODY = YES;
				CLANG_WARN_ENUM_CONVERSION = YES;
				CLANG_WARN_INFINITE_RECURSION = YES;
				CLANG_WARN_INT_CONVERSION = YES;
				CLANG_WARN_NON_LITERAL_NULL_CONVERSION = YES;
				CLANG_WARN_OBJC_IMPLICIT_RETAIN_SELF = YES;
				CLANG_WARN_OBJC_LITERAL_CONVERSION = YES;
				CLANG_WARN_OBJC_ROOT_CLASS = YES_ERROR;
				CLANG_WARN_QUOTED_INCLUDE_IN_FRAMEWORK_HEADER = YES;
				CLANG_WARN_RANGE_LOOP_ANALYSIS = YES;
				CLANG_WARN_STRICT_PROTOTYPES = YES;
				CLANG_WARN_SUSPICIOUS_MOVE = YES;
				CLANG_WARN_UNGUARDED_AVAILABILITY = YES_AGGRESSIVE;
				CLANG_WARN_UNREACHABLE_CODE = YES;
				CLANG_WARN__DUPLICATE_METHOD_MATCH = YES;
				COPY_PHASE_STRIP = NO;
				DEBUG_INFORMATION_FORMAT = "dwarf-with-dsym";
				ENABLE_NS_ASSERTIONS = NO;
				ENABLE_STRICT_OBJC_MSGSEND = YES;
				GCC_C_LANGUAGE_STANDARD = gnu11;
				GCC_NO_COMMON_BLOCKS = YES;
				GCC_WARN_64_TO_32_BIT_CONVERSION = YES;
				GCC_WARN_ABOUT_RETURN_TYPE = YES_ERROR;
				GCC_WARN_UNDECLARED_SELECTOR = YES;
				GCC_WARN_UNINITIALIZED_AUTOS = YES_AGGRESSIVE;
				GCC_WARN_UNUSED_FUNCTION = YES;
				GCC_WARN_UNUSED_VARIABLE = YES;
				IPHONEOS_DEPLOYMENT_TARGET = 15.5;
				MTL_ENABLE_DEBUG_INFO = NO;
				MTL_FAST_MATH = YES;
				SDKROOT = iphoneos;
				SWIFT_COMPILATION_MODE = wholemodule;
				SWIFT_OPTIMIZATION_LEVEL = "-O";
				VALIDATE_PRODUCT = YES;
			};
			name = Release;
		};
		CC330E6328ABE5F600F340A2 /* Debug */ = {
			isa = XCBuildConfiguration;
			buildSettings = {
				ASSETCATALOG_COMPILER_APPICON_NAME = AppIcon;
				ASSETCATALOG_COMPILER_GLOBAL_ACCENT_COLOR_NAME = AccentColor;
				CODE_SIGN_STYLE = Automatic;
				CURRENT_PROJECT_VERSION = 1;
				DEVELOPMENT_TEAM = 6QGWXNWMFJ;
				GENERATE_INFOPLIST_FILE = YES;
				INFOPLIST_FILE = Networking/App/Info.plist;
				INFOPLIST_KEY_UIApplicationSupportsIndirectInputEvents = YES;
				INFOPLIST_KEY_UILaunchStoryboardName = LaunchScreen;
				INFOPLIST_KEY_UIMainStoryboardFile = Main;
				INFOPLIST_KEY_UISupportedInterfaceOrientations_iPad = "UIInterfaceOrientationPortrait UIInterfaceOrientationPortraitUpsideDown UIInterfaceOrientationLandscapeLeft UIInterfaceOrientationLandscapeRight";
				INFOPLIST_KEY_UISupportedInterfaceOrientations_iPhone = "UIInterfaceOrientationPortrait UIInterfaceOrientationLandscapeLeft UIInterfaceOrientationLandscapeRight";
				LD_RUNPATH_SEARCH_PATHS = (
					"$(inherited)",
					"@executable_path/Frameworks",
				);
				MARKETING_VERSION = 1.0;
				PRODUCT_BUNDLE_IDENTIFIER = ru.alexGaida.Networking;
				PRODUCT_NAME = "$(TARGET_NAME)";
				SWIFT_EMIT_LOC_STRINGS = YES;
				SWIFT_VERSION = 5.0;
				TARGETED_DEVICE_FAMILY = 1;
			};
			name = Debug;
		};
		CC330E6428ABE5F600F340A2 /* Release */ = {
			isa = XCBuildConfiguration;
			buildSettings = {
				ASSETCATALOG_COMPILER_APPICON_NAME = AppIcon;
				ASSETCATALOG_COMPILER_GLOBAL_ACCENT_COLOR_NAME = AccentColor;
				CODE_SIGN_STYLE = Automatic;
				CURRENT_PROJECT_VERSION = 1;
				DEVELOPMENT_TEAM = 6QGWXNWMFJ;
				GENERATE_INFOPLIST_FILE = YES;
				INFOPLIST_FILE = Networking/App/Info.plist;
				INFOPLIST_KEY_UIApplicationSupportsIndirectInputEvents = YES;
				INFOPLIST_KEY_UILaunchStoryboardName = LaunchScreen;
				INFOPLIST_KEY_UIMainStoryboardFile = Main;
				INFOPLIST_KEY_UISupportedInterfaceOrientations_iPad = "UIInterfaceOrientationPortrait UIInterfaceOrientationPortraitUpsideDown UIInterfaceOrientationLandscapeLeft UIInterfaceOrientationLandscapeRight";
				INFOPLIST_KEY_UISupportedInterfaceOrientations_iPhone = "UIInterfaceOrientationPortrait UIInterfaceOrientationLandscapeLeft UIInterfaceOrientationLandscapeRight";
				LD_RUNPATH_SEARCH_PATHS = (
					"$(inherited)",
					"@executable_path/Frameworks",
				);
				MARKETING_VERSION = 1.0;
				PRODUCT_BUNDLE_IDENTIFIER = ru.alexGaida.Networking;
				PRODUCT_NAME = "$(TARGET_NAME)";
				SWIFT_EMIT_LOC_STRINGS = YES;
				SWIFT_VERSION = 5.0;
				TARGETED_DEVICE_FAMILY = 1;
			};
			name = Release;
		};
/* End XCBuildConfiguration section */

/* Begin XCConfigurationList section */
		CC330E4928ABE5F300F340A2 /* Build configuration list for PBXProject "Networking" */ = {
			isa = XCConfigurationList;
			buildConfigurations = (
				CC330E6028ABE5F600F340A2 /* Debug */,
				CC330E6128ABE5F600F340A2 /* Release */,
			);
			defaultConfigurationIsVisible = 0;
			defaultConfigurationName = Release;
		};
		CC330E6228ABE5F600F340A2 /* Build configuration list for PBXNativeTarget "Networking" */ = {
			isa = XCConfigurationList;
			buildConfigurations = (
				CC330E6328ABE5F600F340A2 /* Debug */,
				CC330E6428ABE5F600F340A2 /* Release */,
			);
			defaultConfigurationIsVisible = 0;
			defaultConfigurationName = Release;
		};
/* End XCConfigurationList section */
	};
	rootObject = CC330E4628ABE5F300F340A2 /* Project object */;
}
